
Microsoft Visual Studio Solution File, Format Version 12.00
# Visual Studio Version 17
VisualStudioVersion = 17.10.35027.167
MinimumVisualStudioVersion = 10.0.40219.1
Project("{9A19103F-16F7-4668-BE54-9A1E7A4F7556}") = "Marina_Olvera", "Marina_Olvera.csproj", "{385621AC-249C-4744-BA78-FC0BF16FA93A}"
EndProject
Global
	GlobalSection(SolutionConfigurationPlatforms) = preSolution
		Debug|Any CPU = Debug|Any CPU
		Release|Any CPU = Release|Any CPU
	EndGlobalSection
	GlobalSection(ProjectConfigurationPlatforms) = postSolution
		{385621AC-249C-4744-BA78-FC0BF16FA93A}.Debug|Any CPU.ActiveCfg = Debug|Any CPU
		{385621AC-249C-4744-BA78-FC0BF16FA93A}.Debug|Any CPU.Build.0 = Debug|Any CPU
		{385621AC-249C-4744-BA78-FC0BF16FA93A}.Release|Any CPU.ActiveCfg = Release|Any CPU
		{385621AC-249C-4744-BA78-FC0BF16FA93A}.Release|Any CPU.Build.0 = Release|Any CPU
	EndGlobalSection
	GlobalSection(SolutionProperties) = preSolution
		HideSolutionNode = FALSE
	EndGlobalSection
	GlobalSection(ExtensibilityGlobals) = postSolution
		SolutionGuid = {18C245A6-2123-4AE0-85AB-96D891A87C20}
	EndGlobalSection
EndGlobal
